
Microsoft Visual Studio Solution File, Format Version 12.00
# Visual Studio 15
VisualStudioVersion = 15.0.26730.12
MinimumVisualStudioVersion = 10.0.40219.1
Project("{FAE04EC0-301F-11D3-BF4B-00C04F79EFBC}") = "incidere.debut", "incidere.debut\incidere.debut.csproj", "{9C397945-F860-4CA7-B2FA-8336BE371DB8}"
EndProject
Project("{FAE04EC0-301F-11D3-BF4B-00C04F79EFBC}") = "web.identity.server", "web.identity.server\web.identity.server.csproj", "{23CB19C4-6C73-4C76-98A6-A8CCDC555FC5}"
EndProject
Project("{FAE04EC0-301F-11D3-BF4B-00C04F79EFBC}") = "incidere.models", "incidere.models\incidere.models.csproj", "{549D1A1C-68E9-4E14-A802-5E3A4BF54E85}"
EndProject
Global
	GlobalSection(SolutionConfigurationPlatforms) = preSolution
		Debug|Any CPU = Debug|Any CPU
		Release|Any CPU = Release|Any CPU
	EndGlobalSection
	GlobalSection(ProjectConfigurationPlatforms) = postSolution
		{9C397945-F860-4CA7-B2FA-8336BE371DB8}.Debug|Any CPU.ActiveCfg = Debug|Any CPU
		{9C397945-F860-4CA7-B2FA-8336BE371DB8}.Debug|Any CPU.Build.0 = Debug|Any CPU
		{9C397945-F860-4CA7-B2FA-8336BE371DB8}.Release|Any CPU.ActiveCfg = Release|Any CPU
		{9C397945-F860-4CA7-B2FA-8336BE371DB8}.Release|Any CPU.Build.0 = Release|Any CPU
		{23CB19C4-6C73-4C76-98A6-A8CCDC555FC5}.Debug|Any CPU.ActiveCfg = Debug|Any CPU
		{23CB19C4-6C73-4C76-98A6-A8CCDC555FC5}.Debug|Any CPU.Build.0 = Debug|Any CPU
		{23CB19C4-6C73-4C76-98A6-A8CCDC555FC5}.Release|Any CPU.ActiveCfg = Release|Any CPU
		{23CB19C4-6C73-4C76-98A6-A8CCDC555FC5}.Release|Any CPU.Build.0 = Release|Any CPU
		{549D1A1C-68E9-4E14-A802-5E3A4BF54E85}.Debug|Any CPU.ActiveCfg = Debug|Any CPU
		{549D1A1C-68E9-4E14-A802-5E3A4BF54E85}.Debug|Any CPU.Build.0 = Debug|Any CPU
		{549D1A1C-68E9-4E14-A802-5E3A4BF54E85}.Release|Any CPU.ActiveCfg = Release|Any CPU
		{549D1A1C-68E9-4E14-A802-5E3A4BF54E85}.Release|Any CPU.Build.0 = Release|Any CPU
	EndGlobalSection
	GlobalSection(SolutionProperties) = preSolution
		HideSolutionNode = FALSE
	EndGlobalSection
	GlobalSection(ExtensibilityGlobals) = postSolution
		SolutionGuid = {D122373D-D39D-4DEB-AE4D-80D201E272A2}
	EndGlobalSection
EndGlobal
